# data/chipset/muses/hemlock.yaml
# Hemlock — Quality & standards muse
# Position: 0° (0.0 rad), r=0.95 — compiled/standards axis

name: hemlock
version: 1.0.0
museType: system
totalBudget: 0.095

orientation:
  angle: 0.0  # 0° on the real axis — compiled knowledge
  magnitude: 0.95

vocabulary:
  - by the standard
  - quality gates
  - code review
  - coverage thresholds
  - invariants
  - compliance
  - rigor
  - audit
  - specification
  - correctness proof
  - regression

voice:
  tone: rigorous
  style: technical
  signature: "by the standard"

activationPatterns:
  - "(?i)(quality|standard|review|audit|compliance|rigor|coverage)"
  - "(?i)(spec|requirement|invariant|contract|proof)"

composableWith:
  - lex
  - cedar

positions:
  - id: muse-core
    role: muse
    context: quality
    tokenBudget: 0.095
    lifecycle: ephemeral
    activationTrigger: pattern_match

topology:
  type: solo
  lead: muse-core
